
Microsoft Visual Studio Solution File, Format Version 12.00
# Visual Studio Version 17
VisualStudioVersion = 17.2.32526.322
MinimumVisualStudioVersion = 10.0.40219.1
Project("{FAE04EC0-301F-11D3-BF4B-00C04F79EFBC}") = "SocialNetwork", "SocialNetwork\SocialNetwork.csproj", "{A52339B7-9A69-48CE-A1F4-04F7774FD0F0}"
EndProject
Global
	GlobalSection(SolutionConfigurationPlatforms) = preSolution
		Debug|Any CPU = Debug|Any CPU
		Release|Any CPU = Release|Any CPU
	EndGlobalSection
	GlobalSection(ProjectConfigurationPlatforms) = postSolution
		{A52339B7-9A69-48CE-A1F4-04F7774FD0F0}.Debug|Any CPU.ActiveCfg = Debug|Any CPU
		{A52339B7-9A69-48CE-A1F4-04F7774FD0F0}.Debug|Any CPU.Build.0 = Debug|Any CPU
		{A52339B7-9A69-48CE-A1F4-04F7774FD0F0}.Release|Any CPU.ActiveCfg = Release|Any CPU
		{A52339B7-9A69-48CE-A1F4-04F7774FD0F0}.Release|Any CPU.Build.0 = Release|Any CPU
	EndGlobalSection
	GlobalSection(SolutionProperties) = preSolution
		HideSolutionNode = FALSE
	EndGlobalSection
	GlobalSection(ExtensibilityGlobals) = postSolution
		SolutionGuid = {4B8763C4-DD54-4C44-8A7A-830CB5DDE4A0}
	EndGlobalSection
EndGlobal
